// !$*UTF8*$!
{
	archiveVersion = 1;
	classes = {
	};
	objectVersion = 55;
	objects = {

/* Begin PBXBuildFile section */
		1607839B274E730F007B598B /* AppDelegate.swift in Sources */ = {isa = PBXBuildFile; fileRef = 1607839A274E730F007B598B /* AppDelegate.swift */; };
		1607839D274E730F007B598B /* SceneDelegate.swift in Sources */ = {isa = PBXBuildFile; fileRef = 1607839C274E730F007B598B /* SceneDelegate.swift */; };
		160783A2274E730F007B598B /* Main.storyboard in Resources */ = {isa = PBXBuildFile; fileRef = 160783A0274E730F007B598B /* Main.storyboard */; };
		160783A4274E7310007B598B /* Assets.xcassets in Resources */ = {isa = PBXBuildFile; fileRef = 160783A3274E7310007B598B /* Assets.xcassets */; };
		160783A7274E7310007B598B /* LaunchScreen.storyboard in Resources */ = {isa = PBXBuildFile; fileRef = 160783A5274E7310007B598B /* LaunchScreen.storyboard */; };
		16BB91B92753697600FD3776 /* CategoryListViewController.swift in Sources */ = {isa = PBXBuildFile; fileRef = 16BB91B82753697600FD3776 /* CategoryListViewController.swift */; };
		16BB91BB275369A200FD3776 /* CategoryListViewController.storyboard in Resources */ = {isa = PBXBuildFile; fileRef = 16BB91BA275369A200FD3776 /* CategoryListViewController.storyboard */; };
		16BB91C127536BAF00FD3776 /* Category.swift in Sources */ = {isa = PBXBuildFile; fileRef = 16BB91C027536BAF00FD3776 /* Category.swift */; };
		16BB91C327536CA900FD3776 /* CategoryListSetup.swift in Sources */ = {isa = PBXBuildFile; fileRef = 16BB91C227536CA900FD3776 /* CategoryListSetup.swift */; };
		16BB91C527536D4C00FD3776 /* CategoryListViewDataSource.swift in Sources */ = {isa = PBXBuildFile; fileRef = 16BB91C427536D4C00FD3776 /* CategoryListViewDataSource.swift */; };
		16BB91C727536D9300FD3776 /* CategoryListViewDelegate.swift in Sources */ = {isa = PBXBuildFile; fileRef = 16BB91C627536D9300FD3776 /* CategoryListViewDelegate.swift */; };
		16BB91C9275371F700FD3776 /* CategoryListCell.swift in Sources */ = {isa = PBXBuildFile; fileRef = 16BB91C8275371F700FD3776 /* CategoryListCell.swift */; };
		16BB91F52753A97500FD3776 /* CategoryListCell.xib in Resources */ = {isa = PBXBuildFile; fileRef = 16BB91F42753A97500FD3776 /* CategoryListCell.xib */; };
		16BB91FF2753B42700FD3776 /* CategoryListCellDelegate.swift in Sources */ = {isa = PBXBuildFile; fileRef = 16BB91FE2753B42700FD3776 /* CategoryListCellDelegate.swift */; };
		16BB92012753B48C00FD3776 /* CategoryListViewCellDelegate.swift in Sources */ = {isa = PBXBuildFile; fileRef = 16BB92002753B48C00FD3776 /* CategoryListViewCellDelegate.swift */; };
		16C82E1327587F1200A8E40B /* CategoryListCell2.swift in Sources */ = {isa = PBXBuildFile; fileRef = 16C82E1127587F1200A8E40B /* CategoryListCell2.swift */; };
		16C82E1427587F1200A8E40B /* CategoryListCell2.xib in Resources */ = {isa = PBXBuildFile; fileRef = 16C82E1227587F1200A8E40B /* CategoryListCell2.xib */; };
		16C82E162758B3B300A8E40B /* CategoryListViewControllerAction.swift in Sources */ = {isa = PBXBuildFile; fileRef = 16C82E152758B3B300A8E40B /* CategoryListViewControllerAction.swift */; };
		16C82E182758F4EB00A8E40B /* CategoryListCell2Delegate.swift in Sources */ = {isa = PBXBuildFile; fileRef = 16C82E172758F4EB00A8E40B /* CategoryListCell2Delegate.swift */; };
/* End PBXBuildFile section */

/* Begin PBXFileReference section */
		16078397274E730F007B598B /* DoOrDie.app */ = {isa = PBXFileReference; explicitFileType = wrapper.application; includeInIndex = 0; path = DoOrDie.app; sourceTree = BUILT_PRODUCTS_DIR; };
		1607839A274E730F007B598B /* AppDelegate.swift */ = {isa = PBXFileReference; lastKnownFileType = sourcecode.swift; path = AppDelegate.swift; sourceTree = "<group>"; };
		1607839C274E730F007B598B /* SceneDelegate.swift */ = {isa = PBXFileReference; lastKnownFileType = sourcecode.swift; path = SceneDelegate.swift; sourceTree = "<group>"; };
		160783A1274E730F007B598B /* Base */ = {isa = PBXFileReference; lastKnownFileType = file.storyboard; name = Base; path = Base.lproj/Main.storyboard; sourceTree = "<group>"; };
		160783A3274E7310007B598B /* Assets.xcassets */ = {isa = PBXFileReference; lastKnownFileType = folder.assetcatalog; path = Assets.xcassets; sourceTree = "<group>"; };
		160783A6274E7310007B598B /* Base */ = {isa = PBXFileReference; lastKnownFileType = file.storyboard; name = Base; path = Base.lproj/LaunchScreen.storyboard; sourceTree = "<group>"; };
		160783A8274E7310007B598B /* Info.plist */ = {isa = PBXFileReference; lastKnownFileType = text.plist.xml; path = Info.plist; sourceTree = "<group>"; };
		16BB91B82753697600FD3776 /* CategoryListViewController.swift */ = {isa = PBXFileReference; lastKnownFileType = sourcecode.swift; path = CategoryListViewController.swift; sourceTree = "<group>"; };
		16BB91BA275369A200FD3776 /* CategoryListViewController.storyboard */ = {isa = PBXFileReference; lastKnownFileType = file.storyboard; path = CategoryListViewController.storyboard; sourceTree = "<group>"; };
		16BB91C027536BAF00FD3776 /* Category.swift */ = {isa = PBXFileReference; lastKnownFileType = sourcecode.swift; path = Category.swift; sourceTree = "<group>"; };
		16BB91C227536CA900FD3776 /* CategoryListSetup.swift */ = {isa = PBXFileReference; lastKnownFileType = sourcecode.swift; path = CategoryListSetup.swift; sourceTree = "<group>"; };
		16BB91C427536D4C00FD3776 /* CategoryListViewDataSource.swift */ = {isa = PBXFileReference; lastKnownFileType = sourcecode.swift; path = CategoryListViewDataSource.swift; sourceTree = "<group>"; };
		16BB91C627536D9300FD3776 /* CategoryListViewDelegate.swift */ = {isa = PBXFileReference; lastKnownFileType = sourcecode.swift; path = CategoryListViewDelegate.swift; sourceTree = "<group>"; };
		16BB91C8275371F700FD3776 /* CategoryListCell.swift */ = {isa = PBXFileReference; lastKnownFileType = sourcecode.swift; path = CategoryListCell.swift; sourceTree = "<group>"; };
		16BB91F42753A97500FD3776 /* CategoryListCell.xib */ = {isa = PBXFileReference; lastKnownFileType = file.xib; path = CategoryListCell.xib; sourceTree = "<group>"; };
		16BB91FE2753B42700FD3776 /* CategoryListCellDelegate.swift */ = {isa = PBXFileReference; lastKnownFileType = sourcecode.swift; path = CategoryListCellDelegate.swift; sourceTree = "<group>"; };
		16BB92002753B48C00FD3776 /* CategoryListViewCellDelegate.swift */ = {isa = PBXFileReference; lastKnownFileType = sourcecode.swift; path = CategoryListViewCellDelegate.swift; sourceTree = "<group>"; };
		16C82E1127587F1200A8E40B /* CategoryListCell2.swift */ = {isa = PBXFileReference; lastKnownFileType = sourcecode.swift; path = CategoryListCell2.swift; sourceTree = "<group>"; };
		16C82E1227587F1200A8E40B /* CategoryListCell2.xib */ = {isa = PBXFileReference; lastKnownFileType = file.xib; path = CategoryListCell2.xib; sourceTree = "<group>"; };
		16C82E152758B3B300A8E40B /* CategoryListViewControllerAction.swift */ = {isa = PBXFileReference; lastKnownFileType = sourcecode.swift; path = CategoryListViewControllerAction.swift; sourceTree = "<group>"; };
		16C82E172758F4EB00A8E40B /* CategoryListCell2Delegate.swift */ = {isa = PBXFileReference; lastKnownFileType = sourcecode.swift; path = CategoryListCell2Delegate.swift; sourceTree = "<group>"; };
/* End PBXFileReference section */

/* Begin PBXFrameworksBuildPhase section */
		16078394274E730F007B598B /* Frameworks */ = {
			isa = PBXFrameworksBuildPhase;
			buildActionMask = 2147483647;
			files = (
			);
			runOnlyForDeploymentPostprocessing = 0;
		};
/* End PBXFrameworksBuildPhase section */

/* Begin PBXGroup section */
		1607838E274E730F007B598B = {
			isa = PBXGroup;
			children = (
				16BB91BF27536B9000FD3776 /* New Group */,
				164B717E2750BA5900C9A6BE /* AppDelegate */,
				16BB91BC275369EC00FD3776 /* View */,
				162E7B5427506BF3008F6B89 /* Model */,
				160783A3274E7310007B598B /* Assets.xcassets */,
				16078399274E730F007B598B /* DoOrDie */,
				16078398274E730F007B598B /* Products */,
			);
			sourceTree = "<group>";
		};
		16078398274E730F007B598B /* Products */ = {
			isa = PBXGroup;
			children = (
				16078397274E730F007B598B /* DoOrDie.app */,
			);
			name = Products;
			sourceTree = "<group>";
		};
		16078399274E730F007B598B /* DoOrDie */ = {
			isa = PBXGroup;
			children = (
				160783A5274E7310007B598B /* LaunchScreen.storyboard */,
				160783A8274E7310007B598B /* Info.plist */,
			);
			path = DoOrDie;
			sourceTree = "<group>";
		};
		160783AE274E7315007B598B /* CategoryListViewController */ = {
			isa = PBXGroup;
			children = (
				16BB91BE27536B8400FD3776 /* Extension */,
				16BB91B82753697600FD3776 /* CategoryListViewController.swift */,
				16BB91BA275369A200FD3776 /* CategoryListViewController.storyboard */,
			);
			path = CategoryListViewController;
			sourceTree = "<group>";
		};
		162E7B5427506BF3008F6B89 /* Model */ = {
			isa = PBXGroup;
			children = (
				16BB91C027536BAF00FD3776 /* Category.swift */,
			);
			path = Model;
			sourceTree = "<group>";
		};
		164B717E2750BA5900C9A6BE /* AppDelegate */ = {
			isa = PBXGroup;
			children = (
				1607839A274E730F007B598B /* AppDelegate.swift */,
				1607839C274E730F007B598B /* SceneDelegate.swift */,
				160783A0274E730F007B598B /* Main.storyboard */,
			);
			path = AppDelegate;
			sourceTree = "<group>";
		};
		16BB91BC275369EC00FD3776 /* View */ = {
			isa = PBXGroup;
			children = (
				16C82E1027587D7900A8E40B /* CategoryListCell2 */,
				16BB91BD27536A0E00FD3776 /* CategoryListCell */,
				160783AE274E7315007B598B /* CategoryListViewController */,
			);
			path = View;
			sourceTree = "<group>";
		};
		16BB91BD27536A0E00FD3776 /* CategoryListCell */ = {
			isa = PBXGroup;
			children = (
				16BB91C8275371F700FD3776 /* CategoryListCell.swift */,
				16BB91F42753A97500FD3776 /* CategoryListCell.xib */,
				16BB91FE2753B42700FD3776 /* CategoryListCellDelegate.swift */,
			);
			path = CategoryListCell;
			sourceTree = "<group>";
		};
		16BB91BE27536B8400FD3776 /* Extension */ = {
			isa = PBXGroup;
			children = (
				16BB91C227536CA900FD3776 /* CategoryListSetup.swift */,
				16C82E152758B3B300A8E40B /* CategoryListViewControllerAction.swift */,
				16BB91C427536D4C00FD3776 /* CategoryListViewDataSource.swift */,
				16BB91C627536D9300FD3776 /* CategoryListViewDelegate.swift */,
				16BB92002753B48C00FD3776 /* CategoryListViewCellDelegate.swift */,
			);
			path = Extension;
			sourceTree = "<group>";
		};
		16BB91BF27536B9000FD3776 /* New Group */ = {
			isa = PBXGroup;
			children = (
			);
			path = "New Group";
			sourceTree = "<group>";
		};
		16C82E1027587D7900A8E40B /* CategoryListCell2 */ = {
			isa = PBXGroup;
			children = (
				16C82E1127587F1200A8E40B /* CategoryListCell2.swift */,
				16C82E1227587F1200A8E40B /* CategoryListCell2.xib */,
				16C82E172758F4EB00A8E40B /* CategoryListCell2Delegate.swift */,
			);
			path = CategoryListCell2;
			sourceTree = "<group>";
		};
/* End PBXGroup section */

/* Begin PBXNativeTarget section */
		16078396274E730F007B598B /* DoOrDie */ = {
			isa = PBXNativeTarget;
			buildConfigurationList = 160783AB274E7310007B598B /* Build configuration list for PBXNativeTarget "DoOrDie" */;
			buildPhases = (
				16078393274E730F007B598B /* Sources */,
				16078394274E730F007B598B /* Frameworks */,
				16078395274E730F007B598B /* Resources */,
			);
			buildRules = (
			);
			dependencies = (
			);
			name = DoOrDie;
			productName = DoOrDie;
			productReference = 16078397274E730F007B598B /* DoOrDie.app */;
			productType = "com.apple.product-type.application";
		};
/* End PBXNativeTarget section */

/* Begin PBXProject section */
		1607838F274E730F007B598B /* Project object */ = {
			isa = PBXProject;
			attributes = {
				BuildIndependentTargetsInParallel = 1;
				LastSwiftUpdateCheck = 1310;
				LastUpgradeCheck = 1310;
				TargetAttributes = {
					16078396274E730F007B598B = {
						CreatedOnToolsVersion = 13.1;
					};
				};
			};
			buildConfigurationList = 16078392274E730F007B598B /* Build configuration list for PBXProject "DoOrDie" */;
			compatibilityVersion = "Xcode 13.0";
			developmentRegion = en;
			hasScannedForEncodings = 0;
			knownRegions = (
				en,
				Base,
			);
			mainGroup = 1607838E274E730F007B598B;
			productRefGroup = 16078398274E730F007B598B /* Products */;
			projectDirPath = "";
			projectRoot = "";
			targets = (
				16078396274E730F007B598B /* DoOrDie */,
			);
		};
/* End PBXProject section */

/* Begin PBXResourcesBuildPhase section */
		16078395274E730F007B598B /* Resources */ = {
			isa = PBXResourcesBuildPhase;
			buildActionMask = 2147483647;
			files = (
				16C82E1427587F1200A8E40B /* CategoryListCell2.xib in Resources */,
				160783A7274E7310007B598B /* LaunchScreen.storyboard in Resources */,
				16BB91F52753A97500FD3776 /* CategoryListCell.xib in Resources */,
				16BB91BB275369A200FD3776 /* CategoryListViewController.storyboard in Resources */,
				160783A4274E7310007B598B /* Assets.xcassets in Resources */,
				160783A2274E730F007B598B /* Main.storyboard in Resources */,
			);
			runOnlyForDeploymentPostprocessing = 0;
		};
/* End PBXResourcesBuildPhase section */

/* Begin PBXSourcesBuildPhase section */
		16078393274E730F007B598B /* Sources */ = {
			isa = PBXSourcesBuildPhase;
			buildActionMask = 2147483647;
			files = (
				1607839B274E730F007B598B /* AppDelegate.swift in Sources */,
				16BB91C327536CA900FD3776 /* CategoryListSetup.swift in Sources */,
				16BB91C527536D4C00FD3776 /* CategoryListViewDataSource.swift in Sources */,
				16BB91C9275371F700FD3776 /* CategoryListCell.swift in Sources */,
				16C82E162758B3B300A8E40B /* CategoryListViewControllerAction.swift in Sources */,
				1607839D274E730F007B598B /* SceneDelegate.swift in Sources */,
				16BB91FF2753B42700FD3776 /* CategoryListCellDelegate.swift in Sources */,
				16BB91B92753697600FD3776 /* CategoryListViewController.swift in Sources */,
				16BB91C127536BAF00FD3776 /* Category.swift in Sources */,
				16C82E1327587F1200A8E40B /* CategoryListCell2.swift in Sources */,
				16BB91C727536D9300FD3776 /* CategoryListViewDelegate.swift in Sources */,
				16C82E182758F4EB00A8E40B /* CategoryListCell2Delegate.swift in Sources */,
				16BB92012753B48C00FD3776 /* CategoryListViewCellDelegate.swift in Sources */,
			);
			runOnlyForDeploymentPostprocessing = 0;
		};
/* End PBXSourcesBuildPhase section */

/* Begin PBXVariantGroup section */
		160783A0274E730F007B598B /* Main.storyboard */ = {
			isa = PBXVariantGroup;
			children = (
				160783A1274E730F007B598B /* Base */,
			);
			name = Main.storyboard;
			sourceTree = "<group>";
		};
		160783A5274E7310007B598B /* LaunchScreen.storyboard */ = {
			isa = PBXVariantGroup;
			children = (
				160783A6274E7310007B598B /* Base */,
			);
			name = LaunchScreen.storyboard;
			sourceTree = "<group>";
		};
/* End PBXVariantGroup section */

/* Begin XCBuildConfiguration section */
		160783A9274E7310007B598B /* Debug */ = {
			isa = XCBuildConfiguration;
			buildSettings = {
				ALWAYS_SEARCH_USER_PATHS = NO;
				CLANG_ANALYZER_NONNULL = YES;
				CLANG_ANALYZER_NUMBER_OBJECT_CONVERSION = YES_AGGRESSIVE;
				CLANG_CXX_LANGUAGE_STANDARD = "gnu++17";
				CLANG_CXX_LIBRARY = "libc++";
				CLANG_ENABLE_MODULES = YES;
				CLANG_ENABLE_OBJC_ARC = YES;
				CLANG_ENABLE_OBJC_WEAK = YES;
				CLANG_WARN_BLOCK_CAPTURE_AUTORELEASING = YES;
				CLANG_WARN_BOOL_CONVERSION = YES;
				CLANG_WARN_COMMA = YES;
				CLANG_WARN_CONSTANT_CONVERSION = YES;
				CLANG_WARN_DEPRECATED_OBJC_IMPLEMENTATIONS = YES;
				CLANG_WARN_DIRECT_OBJC_ISA_USAGE = YES_ERROR;
				CLANG_WARN_DOCUMENTATION_COMMENTS = YES;
				CLANG_WARN_EMPTY_BODY = YES;
				CLANG_WARN_ENUM_CONVERSION = YES;
				CLANG_WARN_INFINITE_RECURSION = YES;
				CLANG_WARN_INT_CONVERSION = YES;
				CLANG_WARN_NON_LITERAL_NULL_CONVERSION = YES;
				CLANG_WARN_OBJC_IMPLICIT_RETAIN_SELF = YES;
				CLANG_WARN_OBJC_LITERAL_CONVERSION = YES;
				CLANG_WARN_OBJC_ROOT_CLASS = YES_ERROR;
				CLANG_WARN_QUOTED_INCLUDE_IN_FRAMEWORK_HEADER = YES;
				CLANG_WARN_RANGE_LOOP_ANALYSIS = YES;
				CLANG_WARN_STRICT_PROTOTYPES = YES;
				CLANG_WARN_SUSPICIOUS_MOVE = YES;
				CLANG_WARN_UNGUARDED_AVAILABILITY = YES_AGGRESSIVE;
				CLANG_WARN_UNREACHABLE_CODE = YES;
				CLANG_WARN__DUPLICATE_METHOD_MATCH = YES;
				COPY_PHASE_STRIP = NO;
				DEBUG_INFORMATION_FORMAT = dwarf;
				ENABLE_STRICT_OBJC_MSGSEND = YES;
				ENABLE_TESTABILITY = YES;
				GCC_C_LANGUAGE_STANDARD = gnu11;
				GCC_DYNAMIC_NO_PIC = NO;
				GCC_NO_COMMON_BLOCKS = YES;
				GCC_OPTIMIZATION_LEVEL = 0;
				GCC_PREPROCESSOR_DEFINITIONS = (
					"DEBUG=1",
					"$(inherited)",
				);
				GCC_WARN_64_TO_32_BIT_CONVERSION = YES;
				GCC_WARN_ABOUT_RETURN_TYPE = YES_ERROR;
				GCC_WARN_UNDECLARED_SELECTOR = YES;
				GCC_WARN_UNINITIALIZED_AUTOS = YES_AGGRESSIVE;
				GCC_WARN_UNUSED_FUNCTION = YES;
				GCC_WARN_UNUSED_VARIABLE = YES;
				IPHONEOS_DEPLOYMENT_TARGET = 15.0;
				MTL_ENABLE_DEBUG_INFO = INCLUDE_SOURCE;
				MTL_FAST_MATH = YES;
				ONLY_ACTIVE_ARCH = YES;
				SDKROOT = iphoneos;
				SWIFT_ACTIVE_COMPILATION_CONDITIONS = DEBUG;
				SWIFT_OPTIMIZATION_LEVEL = "-Onone";
			};
			name = Debug;
		};
		160783AA274E7310007B598B /* Release */ = {
			isa = XCBuildConfiguration;
			buildSettings = {
				ALWAYS_SEARCH_USER_PATHS = NO;
				CLANG_ANALYZER_NONNULL = YES;
				CLANG_ANALYZER_NUMBER_OBJECT_CONVERSION = YES_AGGRESSIVE;
				CLANG_CXX_LANGUAGE_STANDARD = "gnu++17";
				CLANG_CXX_LIBRARY = "libc++";
				CLANG_ENABLE_MODULES = YES;
				CLANG_ENABLE_OBJC_ARC = YES;
				CLANG_ENABLE_OBJC_WEAK = YES;
				CLANG_WARN_BLOCK_CAPTURE_AUTORELEASING = YES;
				CLANG_WARN_BOOL_CONVERSION = YES;
				CLANG_WARN_COMMA = YES;
				CLANG_WARN_CONSTANT_CONVERSION = YES;
				CLANG_WARN_DEPRECATED_OBJC_IMPLEMENTATIONS = YES;
				CLANG_WARN_DIRECT_OBJC_ISA_USAGE = YES_ERROR;
				CLANG_WARN_DOCUMENTATION_COMMENTS = YES;
				CLANG_WARN_EMPTY_BODY = YES;
				CLANG_WARN_ENUM_CONVERSION = YES;
				CLANG_WARN_INFINITE_RECURSION = YES;
				CLANG_WARN_INT_CONVERSION = YES;
				CLANG_WARN_NON_LITERAL_NULL_CONVERSION = YES;
				CLANG_WARN_OBJC_IMPLICIT_RETAIN_SELF = YES;
				CLANG_WARN_OBJC_LITERAL_CONVERSION = YES;
				CLANG_WARN_OBJC_ROOT_CLASS = YES_ERROR;
				CLANG_WARN_QUOTED_INCLUDE_IN_FRAMEWORK_HEADER = YES;
				CLANG_WARN_RANGE_LOOP_ANALYSIS = YES;
				CLANG_WARN_STRICT_PROTOTYPES = YES;
				CLANG_WARN_SUSPICIOUS_MOVE = YES;
				CLANG_WARN_UNGUARDED_AVAILABILITY = YES_AGGRESSIVE;
				CLANG_WARN_UNREACHABLE_CODE = YES;
				CLANG_WARN__DUPLICATE_METHOD_MATCH = YES;
				COPY_PHASE_STRIP = NO;
				DEBUG_INFORMATION_FORMAT = "dwarf-with-dsym";
				ENABLE_NS_ASSERTIONS = NO;
				ENABLE_STRICT_OBJC_MSGSEND = YES;
				GCC_C_LANGUAGE_STANDARD = gnu11;
				GCC_NO_COMMON_BLOCKS = YES;
				GCC_WARN_64_TO_32_BIT_CONVERSION = YES;
				GCC_WARN_ABOUT_RETURN_TYPE = YES_ERROR;
				GCC_WARN_UNDECLARED_SELECTOR = YES;
				GCC_WARN_UNINITIALIZED_AUTOS = YES_AGGRESSIVE;
				GCC_WARN_UNUSED_FUNCTION = YES;
				GCC_WARN_UNUSED_VARIABLE = YES;
				IPHONEOS_DEPLOYMENT_TARGET = 15.0;
				MTL_ENABLE_DEBUG_INFO = NO;
				MTL_FAST_MATH = YES;
				SDKROOT = iphoneos;
				SWIFT_COMPILATION_MODE = wholemodule;
				SWIFT_OPTIMIZATION_LEVEL = "-O";
				VALIDATE_PRODUCT = YES;
			};
			name = Release;
		};
		160783AC274E7310007B598B /* Debug */ = {
			isa = XCBuildConfiguration;
			buildSettings = {
				ASSETCATALOG_COMPILER_APPICON_NAME = AppIcon;
				ASSETCATALOG_COMPILER_GLOBAL_ACCENT_COLOR_NAME = AccentColor;
				CODE_SIGN_STYLE = Automatic;
				CURRENT_PROJECT_VERSION = 1;
				DEVELOPMENT_TEAM = Y2RWZF749M;
				GENERATE_INFOPLIST_FILE = YES;
				INFOPLIST_FILE = DoOrDie/Info.plist;
				INFOPLIST_KEY_UIApplicationSupportsIndirectInputEvents = YES;
				INFOPLIST_KEY_UILaunchStoryboardName = LaunchScreen;
				INFOPLIST_KEY_UIMainStoryboardFile = Main;
				INFOPLIST_KEY_UISupportedInterfaceOrientations_iPad = "UIInterfaceOrientationPortrait UIInterfaceOrientationPortraitUpsideDown UIInterfaceOrientationLandscapeLeft UIInterfaceOrientationLandscapeRight";
				INFOPLIST_KEY_UISupportedInterfaceOrientations_iPhone = "UIInterfaceOrientationPortrait UIInterfaceOrientationLandscapeLeft UIInterfaceOrientationLandscapeRight";
				LD_RUNPATH_SEARCH_PATHS = (
					"$(inherited)",
					"@executable_path/Frameworks",
				);
				MARKETING_VERSION = 1.0;
				PRODUCT_BUNDLE_IDENTIFIER = com.littlehj.DoOrDie;
				PRODUCT_NAME = "$(TARGET_NAME)";
				SWIFT_EMIT_LOC_STRINGS = YES;
				SWIFT_VERSION = 5.0;
				TARGETED_DEVICE_FAMILY = "1,2";
			};
			name = Debug;
		};
		160783AD274E7310007B598B /* Release */ = {
			isa = XCBuildConfiguration;
			buildSettings = {
				ASSETCATALOG_COMPILER_APPICON_NAME = AppIcon;
				ASSETCATALOG_COMPILER_GLOBAL_ACCENT_COLOR_NAME = AccentColor;
				CODE_SIGN_STYLE = Automatic;
				CURRENT_PROJECT_VERSION = 1;
				DEVELOPMENT_TEAM = Y2RWZF749M;
				GENERATE_INFOPLIST_FILE = YES;
				INFOPLIST_FILE = DoOrDie/Info.plist;
				INFOPLIST_KEY_UIApplicationSupportsIndirectInputEvents = YES;
				INFOPLIST_KEY_UILaunchStoryboardName = LaunchScreen;
				INFOPLIST_KEY_UIMainStoryboardFile = Main;
				INFOPLIST_KEY_UISupportedInterfaceOrientations_iPad = "UIInterfaceOrientationPortrait UIInterfaceOrientationPortraitUpsideDown UIInterfaceOrientationLandscapeLeft UIInterfaceOrientationLandscapeRight";
				INFOPLIST_KEY_UISupportedInterfaceOrientations_iPhone = "UIInterfaceOrientationPortrait UIInterfaceOrientationLandscapeLeft UIInterfaceOrientationLandscapeRight";
				LD_RUNPATH_SEARCH_PATHS = (
					"$(inherited)",
					"@executable_path/Frameworks",
				);
				MARKETING_VERSION = 1.0;
				PRODUCT_BUNDLE_IDENTIFIER = com.littlehj.DoOrDie;
				PRODUCT_NAME = "$(TARGET_NAME)";
				SWIFT_EMIT_LOC_STRINGS = YES;
				SWIFT_VERSION = 5.0;
				TARGETED_DEVICE_FAMILY = "1,2";
			};
			name = Release;
		};
/* End XCBuildConfiguration section */

/* Begin XCConfigurationList section */
		16078392274E730F007B598B /* Build configuration list for PBXProject "DoOrDie" */ = {
			isa = XCConfigurationList;
			buildConfigurations = (
				160783A9274E7310007B598B /* Debug */,
				160783AA274E7310007B598B /* Release */,
			);
			defaultConfigurationIsVisible = 0;
			defaultConfigurationName = Release;
		};
		160783AB274E7310007B598B /* Build configuration list for PBXNativeTarget "DoOrDie" */ = {
			isa = XCConfigurationList;
			buildConfigurations = (
				160783AC274E7310007B598B /* Debug */,
				160783AD274E7310007B598B /* Release */,
			);
			defaultConfigurationIsVisible = 0;
			defaultConfigurationName = Release;
		};
/* End XCConfigurationList section */
	};
	rootObject = 1607838F274E730F007B598B /* Project object */;
}
